
Microsoft Visual Studio Solution File, Format Version 12.00
# Visual Studio Version 17
VisualStudioVersion = 17.13.35806.99 d17.13
MinimumVisualStudioVersion = 10.0.40219.1
Project("{FAE04EC0-301F-11D3-BF4B-00C04F79EFBC}") = "ConsoleApp1", "ConsoleApp1\ConsoleApp1.csproj", "{5B817887-D28B-4797-8D52-A58C224B4A32}"
EndProject
Global
	GlobalSection(SolutionConfigurationPlatforms) = preSolution
		Debug|Any CPU = Debug|Any CPU
		Release|Any CPU = Release|Any CPU
	EndGlobalSection
	GlobalSection(ProjectConfigurationPlatforms) = postSolution
		{5B817887-D28B-4797-8D52-A58C224B4A32}.Debug|Any CPU.ActiveCfg = Debug|Any CPU
		{5B817887-D28B-4797-8D52-A58C224B4A32}.Debug|Any CPU.Build.0 = Debug|Any CPU
		{5B817887-D28B-4797-8D52-A58C224B4A32}.Release|Any CPU.ActiveCfg = Release|Any CPU
		{5B817887-D28B-4797-8D52-A58C224B4A32}.Release|Any CPU.Build.0 = Release|Any CPU
	EndGlobalSection
	GlobalSection(SolutionProperties) = preSolution
		HideSolutionNode = FALSE
	EndGlobalSection
	GlobalSection(ExtensibilityGlobals) = postSolution
		SolutionGuid = {F8F9A8C0-3514-47F1-82EB-05FAB2E2C83E}
	EndGlobalSection
EndGlobal
